
Microsoft Visual Studio Solution File, Format Version 12.00
# Visual Studio 15
VisualStudioVersion = 15.0.27703.2026
MinimumVisualStudioVersion = 10.0.40219.1
Project("{FAE04EC0-301F-11D3-BF4B-00C04F79EFBC}") = "OnlineStore", "OnlineStore\OnlineStore.csproj", "{512E540B-9B31-460E-938A-558982D35BB7}"
EndProject
Global
	GlobalSection(SolutionConfigurationPlatforms) = preSolution
		Debug|Any CPU = Debug|Any CPU
		Release|Any CPU = Release|Any CPU
	EndGlobalSection
	GlobalSection(ProjectConfigurationPlatforms) = postSolution
		{512E540B-9B31-460E-938A-558982D35BB7}.Debug|Any CPU.ActiveCfg = Debug|Any CPU
		{512E540B-9B31-460E-938A-558982D35BB7}.Debug|Any CPU.Build.0 = Debug|Any CPU
		{512E540B-9B31-460E-938A-558982D35BB7}.Release|Any CPU.ActiveCfg = Release|Any CPU
		{512E540B-9B31-460E-938A-558982D35BB7}.Release|Any CPU.Build.0 = Release|Any CPU
	EndGlobalSection
	GlobalSection(SolutionProperties) = preSolution
		HideSolutionNode = FALSE
	EndGlobalSection
	GlobalSection(ExtensibilityGlobals) = postSolution
		SolutionGuid = {58ADF3AB-37C7-4487-A9AD-223B1E2FB33A}
	EndGlobalSection
EndGlobal
